
Microsoft Visual Studio Solution File, Format Version 12.00
# Visual Studio Version 16
VisualStudioVersion = 16.0.29920.165
MinimumVisualStudioVersion = 10.0.40219.1
Project("{9A19103F-16F7-4668-BE54-9A1E7A4F7556}") = "miniProjet", "miniProjet.csproj", "{C8762076-7636-471B-8FB4-D5C832D153CB}"
EndProject
Global
	GlobalSection(SolutionConfigurationPlatforms) = preSolution
		Debug|Any CPU = Debug|Any CPU
		Release|Any CPU = Release|Any CPU
	EndGlobalSection
	GlobalSection(ProjectConfigurationPlatforms) = postSolution
		{C8762076-7636-471B-8FB4-D5C832D153CB}.Debug|Any CPU.ActiveCfg = Debug|Any CPU
		{C8762076-7636-471B-8FB4-D5C832D153CB}.Debug|Any CPU.Build.0 = Debug|Any CPU
		{C8762076-7636-471B-8FB4-D5C832D153CB}.Release|Any CPU.ActiveCfg = Release|Any CPU
		{C8762076-7636-471B-8FB4-D5C832D153CB}.Release|Any CPU.Build.0 = Release|Any CPU
	EndGlobalSection
	GlobalSection(SolutionProperties) = preSolution
		HideSolutionNode = FALSE
	EndGlobalSection
	GlobalSection(ExtensibilityGlobals) = postSolution
		SolutionGuid = {3B2DEECF-5870-496F-A683-E3BA147FF850}
	EndGlobalSection
EndGlobal
